
Microsoft Visual Studio Solution File, Format Version 12.00
# Visual Studio Version 17
VisualStudioVersion = 17.11.35327.3
MinimumVisualStudioVersion = 10.0.40219.1
Project("{FAE04EC0-301F-11D3-BF4B-00C04F79EFBC}") = "ejercicioTelegrama", "ejercicioTelegrama\ejercicioTelegrama.csproj", "{A33CF52A-A8FF-4570-9323-5AA324A6B316}"
EndProject
Global
	GlobalSection(SolutionConfigurationPlatforms) = preSolution
		Debug|Any CPU = Debug|Any CPU
		Release|Any CPU = Release|Any CPU
	EndGlobalSection
	GlobalSection(ProjectConfigurationPlatforms) = postSolution
		{A33CF52A-A8FF-4570-9323-5AA324A6B316}.Debug|Any CPU.ActiveCfg = Debug|Any CPU
		{A33CF52A-A8FF-4570-9323-5AA324A6B316}.Debug|Any CPU.Build.0 = Debug|Any CPU
		{A33CF52A-A8FF-4570-9323-5AA324A6B316}.Release|Any CPU.ActiveCfg = Release|Any CPU
		{A33CF52A-A8FF-4570-9323-5AA324A6B316}.Release|Any CPU.Build.0 = Release|Any CPU
	EndGlobalSection
	GlobalSection(SolutionProperties) = preSolution
		HideSolutionNode = FALSE
	EndGlobalSection
	GlobalSection(ExtensibilityGlobals) = postSolution
		SolutionGuid = {B4EA10F8-82D9-4E92-945C-6F3CC3F29F64}
	EndGlobalSection
EndGlobal
